# THIS IS AN AUTOGENERATED FILE. DO NOT EDIT THIS FILE DIRECTLY.
# yarn lockfile v1


"@types/portscanner@^2.1.0":
  version "2.1.0"
  resolved "https://registry.yarnpkg.com/@types/portscanner/-/portscanner-2.1.0.tgz#a9b39e98ccbcb49c335e284eca64df4756d6f49a"
  integrity sha512-II0FA05TSt4r7PBUvYTqub+yrXTRu7L/PQnTtjcJYzAeBts6xHM/OA2MKyeQ80sFxX7p+0BTo68Nh1P3N6Oj/g==

async@^2.6.0:
  version "2.6.4"
  resolved "https://registry.yarnpkg.com/async/-/async-2.6.4.tgz#706b7ff6084664cd7eae713f6f965433b5504221"
  integrity sha512-mzo5dfJYwAn29PeiJ0zvwTo04zj8HDJj0Mn8TD7sno7q12prdbnasKJHhkm2c1LgrhlJ0teaea8860oxi51mGA==
  dependencies:
    lodash "^4.17.14"

ip@^1.1.5:
  version "1.1.5"
  resolved "https://registry.yarnpkg.com/ip/-/ip-1.1.5.tgz#bdded70114290828c0a039e72ef25f5aaec4354a"
  integrity sha1-vd7XARQpCCjAoDnnLvJfWq7ENUo=

is-number-like@^1.0.3:
  version "1.0.8"
  resolved "https://registry.yarnpkg.com/is-number-like/-/is-number-like-1.0.8.tgz#2e129620b50891042e44e9bbbb30593e75cfbbe3"
  integrity sha512-6rZi3ezCyFcn5L71ywzz2bS5b2Igl1En3eTlZlvKjpz1n3IZLAYMbKYAIQgFmEu0GENg92ziU/faEOA/aixjbA==
  dependencies:
    lodash.isfinite "^3.3.2"

lodash.isfinite@^3.3.2:
  version "3.3.2"
  resolved "https://registry.yarnpkg.com/lodash.isfinite/-/lodash.isfinite-3.3.2.tgz#fb89b65a9a80281833f0b7478b3a5104f898ebb3"
  integrity sha1-+4m2WpqAKBgz8LdHizpRBPiY67M=

lodash@^4.17.14:
  version "4.17.21"
  resolved "https://registry.yarnpkg.com/lodash/-/lodash-4.17.21.tgz#679591c564c3bffaae8454cf0b3df370c3d6911c"
  integrity sha512-v2kDEe57lecTulaDIuNTPy3Ry4gLGJ6Z1O3vE1krgXZNrsQ+LFTGHVxVjcXPs17LhbZVGedAJv8XZ1tvj5FvSg==

portscanner@^2.2.0:
  version "2.2.0"
  resolved "https://registry.yarnpkg.com/portscanner/-/portscanner-2.2.0.tgz#6059189b3efa0965c9d96a56b958eb9508411cf1"
  integrity sha512-IFroCz/59Lqa2uBvzK3bKDbDDIEaAY8XJ1jFxcLWTqosrsc32//P4VuSB2vZXoHiHqOmx8B5L5hnKOxL/7FlPw==
  dependencies:
    async "^2.6.0"
    is-number-like "^1.0.3"

yeelight-awesome@^1.0.12:
  version "1.0.12"
  resolved "https://registry.yarnpkg.com/yeelight-awesome/-/yeelight-awesome-1.0.12.tgz#96825b68d6a506d29bcbd4e8f721c5d75fbeb1ed"
  integrity sha512-6DeUBlG2goUKiOAAa/c9OJct5VZIALzITL2OfjDXsOyBEIrmEXd1H26UKuOyTIQTdjnoQOS8KktFR9c/ODxIjg==
  dependencies:
    "@types/portscanner" "^2.1.0"
    ip "^1.1.5"
    portscanner "^2.2.0"
